
Microsoft Visual Studio Solution File, Format Version 12.00
Project("{FAE04EC0-301F-11D3-BF4B-00C04F79EFBC}") = "FactoryPattern", "FactoryPattern\FactoryPattern.csproj", "{36A425D6-52F8-4655-AA77-A1389DB63892}"
EndProject
Global
	GlobalSection(SolutionConfigurationPlatforms) = preSolution
		Debug|Any CPU = Debug|Any CPU
		Release|Any CPU = Release|Any CPU
	EndGlobalSection
	GlobalSection(ProjectConfigurationPlatforms) = postSolution
		{36A425D6-52F8-4655-AA77-A1389DB63892}.Debug|Any CPU.ActiveCfg = Debug|Any CPU
		{36A425D6-52F8-4655-AA77-A1389DB63892}.Debug|Any CPU.Build.0 = Debug|Any CPU
		{36A425D6-52F8-4655-AA77-A1389DB63892}.Release|Any CPU.ActiveCfg = Release|Any CPU
		{36A425D6-52F8-4655-AA77-A1389DB63892}.Release|Any CPU.Build.0 = Release|Any CPU
	EndGlobalSection
EndGlobal
